
Microsoft Visual Studio Solution File, Format Version 12.00
# Visual Studio Version 17
VisualStudioVersion = 17.7.34031.279
MinimumVisualStudioVersion = 10.0.40219.1
Project("{9A19103F-16F7-4668-BE54-9A1E7A4F7556}") = "BlazorApp1.Server", "BlazorApp1\Server\BlazorApp1.Server.csproj", "{5D009AFB-BB3E-405C-B132-8E2190FB5564}"
EndProject
Project("{9A19103F-16F7-4668-BE54-9A1E7A4F7556}") = "BlazorApp1.Client", "BlazorApp1\Client\BlazorApp1.Client.csproj", "{33DB976B-83B7-4798-8C5B-D6CF2F689D31}"
EndProject
Project("{9A19103F-16F7-4668-BE54-9A1E7A4F7556}") = "BlazorApp1.Data", "BlazorApp1\Shared\BlazorApp1.Data.csproj", "{2C713169-5AAB-44D0-8C38-AE42945302F8}"
EndProject
Project("{FAE04EC0-301F-11D3-BF4B-00C04F79EFBC}") = "BlazorApp1.Domain", "BlazorApp1.Data\BlazorApp1.Domain.csproj", "{5C6FF547-B5CD-4F08-A3BD-CBDB738C2833}"
EndProject
Project("{2150E333-8FDC-42A3-9474-1A3956D46DE8}") = "Tests", "Tests", "{02EA8D99-CD3E-4C04-B4FF-3A0F3C5C87A7}"
EndProject
Project("{FAE04EC0-301F-11D3-BF4B-00C04F79EFBC}") = "BlazorApp1.Domain.Tests", "BlazorApp1.Domain.Tests\BlazorApp1.Domain.Tests.csproj", "{C2AAA1A7-CB94-4D16-80AF-B4B0019995C7}"
EndProject
Project("{FAE04EC0-301F-11D3-BF4B-00C04F79EFBC}") = "BlazorApp1.Server.Integration.Tests", "BlazorApp1.Server.Integration.Tests\BlazorApp1.Server.Integration.Tests.csproj", "{22C0DA9E-B533-4F6A-B680-0E04DCFC7618}"
EndProject
Project("{FAE04EC0-301F-11D3-BF4B-00C04F79EFBC}") = "BlazorApp1.Server.Unit.Tests", "BlazorApp1.Server.Unit.Tests\BlazorApp1.Server.Unit.Tests.csproj", "{C9524ABC-7B46-480C-B202-25004E87D082}"
EndProject
Global
	GlobalSection(SolutionConfigurationPlatforms) = preSolution
		Debug|Any CPU = Debug|Any CPU
		Release|Any CPU = Release|Any CPU
	EndGlobalSection
	GlobalSection(ProjectConfigurationPlatforms) = postSolution
		{5D009AFB-BB3E-405C-B132-8E2190FB5564}.Debug|Any CPU.ActiveCfg = Debug|Any CPU
		{5D009AFB-BB3E-405C-B132-8E2190FB5564}.Debug|Any CPU.Build.0 = Debug|Any CPU
		{5D009AFB-BB3E-405C-B132-8E2190FB5564}.Release|Any CPU.ActiveCfg = Release|Any CPU
		{5D009AFB-BB3E-405C-B132-8E2190FB5564}.Release|Any CPU.Build.0 = Release|Any CPU
		{33DB976B-83B7-4798-8C5B-D6CF2F689D31}.Debug|Any CPU.ActiveCfg = Debug|Any CPU
		{33DB976B-83B7-4798-8C5B-D6CF2F689D31}.Debug|Any CPU.Build.0 = Debug|Any CPU
		{33DB976B-83B7-4798-8C5B-D6CF2F689D31}.Release|Any CPU.ActiveCfg = Release|Any CPU
		{33DB976B-83B7-4798-8C5B-D6CF2F689D31}.Release|Any CPU.Build.0 = Release|Any CPU
		{2C713169-5AAB-44D0-8C38-AE42945302F8}.Debug|Any CPU.ActiveCfg = Debug|Any CPU
		{2C713169-5AAB-44D0-8C38-AE42945302F8}.Debug|Any CPU.Build.0 = Debug|Any CPU
		{2C713169-5AAB-44D0-8C38-AE42945302F8}.Release|Any CPU.ActiveCfg = Release|Any CPU
		{2C713169-5AAB-44D0-8C38-AE42945302F8}.Release|Any CPU.Build.0 = Release|Any CPU
		{5C6FF547-B5CD-4F08-A3BD-CBDB738C2833}.Debug|Any CPU.ActiveCfg = Debug|Any CPU
		{5C6FF547-B5CD-4F08-A3BD-CBDB738C2833}.Debug|Any CPU.Build.0 = Debug|Any CPU
		{5C6FF547-B5CD-4F08-A3BD-CBDB738C2833}.Release|Any CPU.ActiveCfg = Release|Any CPU
		{5C6FF547-B5CD-4F08-A3BD-CBDB738C2833}.Release|Any CPU.Build.0 = Release|Any CPU
		{C2AAA1A7-CB94-4D16-80AF-B4B0019995C7}.Debug|Any CPU.ActiveCfg = Debug|Any CPU
		{C2AAA1A7-CB94-4D16-80AF-B4B0019995C7}.Debug|Any CPU.Build.0 = Debug|Any CPU
		{C2AAA1A7-CB94-4D16-80AF-B4B0019995C7}.Release|Any CPU.ActiveCfg = Release|Any CPU
		{C2AAA1A7-CB94-4D16-80AF-B4B0019995C7}.Release|Any CPU.Build.0 = Release|Any CPU
		{22C0DA9E-B533-4F6A-B680-0E04DCFC7618}.Debug|Any CPU.ActiveCfg = Debug|Any CPU
		{22C0DA9E-B533-4F6A-B680-0E04DCFC7618}.Debug|Any CPU.Build.0 = Debug|Any CPU
		{22C0DA9E-B533-4F6A-B680-0E04DCFC7618}.Release|Any CPU.ActiveCfg = Release|Any CPU
		{22C0DA9E-B533-4F6A-B680-0E04DCFC7618}.Release|Any CPU.Build.0 = Release|Any CPU
		{C9524ABC-7B46-480C-B202-25004E87D082}.Debug|Any CPU.ActiveCfg = Debug|Any CPU
		{C9524ABC-7B46-480C-B202-25004E87D082}.Debug|Any CPU.Build.0 = Debug|Any CPU
		{C9524ABC-7B46-480C-B202-25004E87D082}.Release|Any CPU.ActiveCfg = Release|Any CPU
		{C9524ABC-7B46-480C-B202-25004E87D082}.Release|Any CPU.Build.0 = Release|Any CPU
	EndGlobalSection
	GlobalSection(SolutionProperties) = preSolution
		HideSolutionNode = FALSE
	EndGlobalSection
	GlobalSection(NestedProjects) = preSolution
		{C2AAA1A7-CB94-4D16-80AF-B4B0019995C7} = {02EA8D99-CD3E-4C04-B4FF-3A0F3C5C87A7}
		{22C0DA9E-B533-4F6A-B680-0E04DCFC7618} = {02EA8D99-CD3E-4C04-B4FF-3A0F3C5C87A7}
		{C9524ABC-7B46-480C-B202-25004E87D082} = {02EA8D99-CD3E-4C04-B4FF-3A0F3C5C87A7}
	EndGlobalSection
	GlobalSection(ExtensibilityGlobals) = postSolution
		SolutionGuid = {7069BF4D-27AD-46A5-AC82-6BA20241EC53}
	EndGlobalSection
EndGlobal
